
Microsoft Visual Studio Solution File, Format Version 12.00
# Visual Studio Version 16
VisualStudioVersion = 16.0.31005.135
MinimumVisualStudioVersion = 10.0.40219.1
Project("{8BC9CEB8-8B4A-11D0-8D11-00A0C91BC942}") = "MetaDataPrj", "MetaDataPrj\MetaDataPrj.vcxproj", "{B7AB7FDB-0397-46F6-BEEF-55DBF676FFB6}"
EndProject
Project("{8BC9CEB8-8B4A-11D0-8D11-00A0C91BC942}") = "MetaDataView", "MetaDataView\MetaDataView.vcxproj", "{F7F57E10-1864-49C3-A7A1-F6BCA64D8A44}"
	ProjectSection(ProjectDependencies) = postProject
		{ADB82101-C1FF-45C5-B1DE-91CE47E983C0} = {ADB82101-C1FF-45C5-B1DE-91CE47E983C0}
	EndProjectSection
EndProject
Project("{8BC9CEB8-8B4A-11D0-8D11-00A0C91BC942}") = "MetaData", "MetaData\MetaData.vcxproj", "{ADB82101-C1FF-45C5-B1DE-91CE47E983C0}"
EndProject
Project("{8BC9CEB8-8B4A-11D0-8D11-00A0C91BC942}") = "MetaDataTestDll", "MetaDataTestDll\MetaDataTestDll.vcxproj", "{6A2522B5-9D33-43FE-8EF3-E0AD37C8FE66}"
	ProjectSection(ProjectDependencies) = postProject
		{ADB82101-C1FF-45C5-B1DE-91CE47E983C0} = {ADB82101-C1FF-45C5-B1DE-91CE47E983C0}
	EndProjectSection
EndProject
Global
	GlobalSection(SolutionConfigurationPlatforms) = preSolution
		Debug|Win32 = Debug|Win32
		Debug|x64 = Debug|x64
		Release|Win32 = Release|Win32
		Release|x64 = Release|x64
	EndGlobalSection
	GlobalSection(ProjectConfigurationPlatforms) = postSolution
		{B7AB7FDB-0397-46F6-BEEF-55DBF676FFB6}.Debug|Win32.ActiveCfg = Debug|Win32
		{B7AB7FDB-0397-46F6-BEEF-55DBF676FFB6}.Debug|Win32.Build.0 = Debug|Win32
		{B7AB7FDB-0397-46F6-BEEF-55DBF676FFB6}.Debug|x64.ActiveCfg = Debug|x64
		{B7AB7FDB-0397-46F6-BEEF-55DBF676FFB6}.Debug|x64.Build.0 = Debug|x64
		{B7AB7FDB-0397-46F6-BEEF-55DBF676FFB6}.Release|Win32.ActiveCfg = Release|Win32
		{B7AB7FDB-0397-46F6-BEEF-55DBF676FFB6}.Release|Win32.Build.0 = Release|Win32
		{B7AB7FDB-0397-46F6-BEEF-55DBF676FFB6}.Release|x64.ActiveCfg = Release|x64
		{B7AB7FDB-0397-46F6-BEEF-55DBF676FFB6}.Release|x64.Build.0 = Release|x64
		{F7F57E10-1864-49C3-A7A1-F6BCA64D8A44}.Debug|Win32.ActiveCfg = Debug|Win32
		{F7F57E10-1864-49C3-A7A1-F6BCA64D8A44}.Debug|Win32.Build.0 = Debug|Win32
		{F7F57E10-1864-49C3-A7A1-F6BCA64D8A44}.Debug|x64.ActiveCfg = Debug|x64
		{F7F57E10-1864-49C3-A7A1-F6BCA64D8A44}.Debug|x64.Build.0 = Debug|x64
		{F7F57E10-1864-49C3-A7A1-F6BCA64D8A44}.Release|Win32.ActiveCfg = Release|Win32
		{F7F57E10-1864-49C3-A7A1-F6BCA64D8A44}.Release|Win32.Build.0 = Release|Win32
		{F7F57E10-1864-49C3-A7A1-F6BCA64D8A44}.Release|x64.ActiveCfg = Release|x64
		{F7F57E10-1864-49C3-A7A1-F6BCA64D8A44}.Release|x64.Build.0 = Release|x64
		{ADB82101-C1FF-45C5-B1DE-91CE47E983C0}.Debug|Win32.ActiveCfg = Debug|Win32
		{ADB82101-C1FF-45C5-B1DE-91CE47E983C0}.Debug|Win32.Build.0 = Debug|Win32
		{ADB82101-C1FF-45C5-B1DE-91CE47E983C0}.Debug|x64.ActiveCfg = Debug|x64
		{ADB82101-C1FF-45C5-B1DE-91CE47E983C0}.Debug|x64.Build.0 = Debug|x64
		{ADB82101-C1FF-45C5-B1DE-91CE47E983C0}.Release|Win32.ActiveCfg = Release|Win32
		{ADB82101-C1FF-45C5-B1DE-91CE47E983C0}.Release|Win32.Build.0 = Release|Win32
		{ADB82101-C1FF-45C5-B1DE-91CE47E983C0}.Release|x64.ActiveCfg = Release|x64
		{ADB82101-C1FF-45C5-B1DE-91CE47E983C0}.Release|x64.Build.0 = Release|x64
		{6A2522B5-9D33-43FE-8EF3-E0AD37C8FE66}.Debug|Win32.ActiveCfg = Debug|Win32
		{6A2522B5-9D33-43FE-8EF3-E0AD37C8FE66}.Debug|Win32.Build.0 = Debug|Win32
		{6A2522B5-9D33-43FE-8EF3-E0AD37C8FE66}.Debug|x64.ActiveCfg = Debug|x64
		{6A2522B5-9D33-43FE-8EF3-E0AD37C8FE66}.Debug|x64.Build.0 = Debug|x64
		{6A2522B5-9D33-43FE-8EF3-E0AD37C8FE66}.Release|Win32.ActiveCfg = Release|Win32
		{6A2522B5-9D33-43FE-8EF3-E0AD37C8FE66}.Release|Win32.Build.0 = Release|Win32
		{6A2522B5-9D33-43FE-8EF3-E0AD37C8FE66}.Release|x64.ActiveCfg = Release|x64
		{6A2522B5-9D33-43FE-8EF3-E0AD37C8FE66}.Release|x64.Build.0 = Release|x64
	EndGlobalSection
	GlobalSection(SolutionProperties) = preSolution
		HideSolutionNode = FALSE
	EndGlobalSection
	GlobalSection(ExtensibilityGlobals) = postSolution
		SolutionGuid = {B75F5849-856D-4704-88BA-D1CA31617748}
	EndGlobalSection
EndGlobal
