
Microsoft Visual Studio Solution File, Format Version 12.00
# Visual Studio 2012
Project("{8BC9CEB8-8B4A-11D0-8D11-00A0C91BC942}") = "MetaDataPrj", "MetaDataPrj\MetaDataPrj.vcxproj", "{B7AB7FDB-0397-46F6-BEEF-55DBF676FFB6}"
EndProject
Project("{8BC9CEB8-8B4A-11D0-8D11-00A0C91BC942}") = "MetaDataView", "MetaDataView\MetaDataView.vcxproj", "{F7F57E10-1864-49C3-A7A1-F6BCA64D8A44}"
EndProject
Project("{8BC9CEB8-8B4A-11D0-8D11-00A0C91BC942}") = "MetaData", "MetaData\MetaData.vcxproj", "{ADB82101-C1FF-45C5-B1DE-91CE47E983C0}"
EndProject
Project("{8BC9CEB8-8B4A-11D0-8D11-00A0C91BC942}") = "MetaDataTestDll", "MetaDataTestDll\MetaDataTestDll.vcxproj", "{6A2522B5-9D33-43FE-8EF3-E0AD37C8FE66}"
EndProject
Global
	GlobalSection(SolutionConfigurationPlatforms) = preSolution
		Debug|Any CPU = Debug|Any CPU
		Debug|Mixed Platforms = Debug|Mixed Platforms
		Debug|Win32 = Debug|Win32
		Release|Any CPU = Release|Any CPU
		Release|Mixed Platforms = Release|Mixed Platforms
		Release|Win32 = Release|Win32
	EndGlobalSection
	GlobalSection(ProjectConfigurationPlatforms) = postSolution
		{B7AB7FDB-0397-46F6-BEEF-55DBF676FFB6}.Debug|Any CPU.ActiveCfg = Debug|Win32
		{B7AB7FDB-0397-46F6-BEEF-55DBF676FFB6}.Debug|Mixed Platforms.ActiveCfg = Debug|Win32
		{B7AB7FDB-0397-46F6-BEEF-55DBF676FFB6}.Debug|Mixed Platforms.Build.0 = Debug|Win32
		{B7AB7FDB-0397-46F6-BEEF-55DBF676FFB6}.Debug|Win32.ActiveCfg = Debug|Win32
		{B7AB7FDB-0397-46F6-BEEF-55DBF676FFB6}.Debug|Win32.Build.0 = Debug|Win32
		{B7AB7FDB-0397-46F6-BEEF-55DBF676FFB6}.Release|Any CPU.ActiveCfg = Release|Win32
		{B7AB7FDB-0397-46F6-BEEF-55DBF676FFB6}.Release|Mixed Platforms.ActiveCfg = Release|Win32
		{B7AB7FDB-0397-46F6-BEEF-55DBF676FFB6}.Release|Mixed Platforms.Build.0 = Release|Win32
		{B7AB7FDB-0397-46F6-BEEF-55DBF676FFB6}.Release|Win32.ActiveCfg = Release|Win32
		{B7AB7FDB-0397-46F6-BEEF-55DBF676FFB6}.Release|Win32.Build.0 = Release|Win32
		{F7F57E10-1864-49C3-A7A1-F6BCA64D8A44}.Debug|Any CPU.ActiveCfg = Debug|Win32
		{F7F57E10-1864-49C3-A7A1-F6BCA64D8A44}.Debug|Mixed Platforms.ActiveCfg = Debug|Win32
		{F7F57E10-1864-49C3-A7A1-F6BCA64D8A44}.Debug|Mixed Platforms.Build.0 = Debug|Win32
		{F7F57E10-1864-49C3-A7A1-F6BCA64D8A44}.Debug|Win32.ActiveCfg = Debug|Win32
		{F7F57E10-1864-49C3-A7A1-F6BCA64D8A44}.Debug|Win32.Build.0 = Debug|Win32
		{F7F57E10-1864-49C3-A7A1-F6BCA64D8A44}.Release|Any CPU.ActiveCfg = Release|Win32
		{F7F57E10-1864-49C3-A7A1-F6BCA64D8A44}.Release|Mixed Platforms.ActiveCfg = Release|Win32
		{F7F57E10-1864-49C3-A7A1-F6BCA64D8A44}.Release|Mixed Platforms.Build.0 = Release|Win32
		{F7F57E10-1864-49C3-A7A1-F6BCA64D8A44}.Release|Win32.ActiveCfg = Release|Win32
		{F7F57E10-1864-49C3-A7A1-F6BCA64D8A44}.Release|Win32.Build.0 = Release|Win32
		{ADB82101-C1FF-45C5-B1DE-91CE47E983C0}.Debug|Any CPU.ActiveCfg = Debug|Win32
		{ADB82101-C1FF-45C5-B1DE-91CE47E983C0}.Debug|Mixed Platforms.ActiveCfg = Debug|Win32
		{ADB82101-C1FF-45C5-B1DE-91CE47E983C0}.Debug|Mixed Platforms.Build.0 = Debug|Win32
		{ADB82101-C1FF-45C5-B1DE-91CE47E983C0}.Debug|Win32.ActiveCfg = Debug|Win32
		{ADB82101-C1FF-45C5-B1DE-91CE47E983C0}.Debug|Win32.Build.0 = Debug|Win32
		{ADB82101-C1FF-45C5-B1DE-91CE47E983C0}.Release|Any CPU.ActiveCfg = Release|Win32
		{ADB82101-C1FF-45C5-B1DE-91CE47E983C0}.Release|Mixed Platforms.ActiveCfg = Release|Win32
		{ADB82101-C1FF-45C5-B1DE-91CE47E983C0}.Release|Mixed Platforms.Build.0 = Release|Win32
		{ADB82101-C1FF-45C5-B1DE-91CE47E983C0}.Release|Win32.ActiveCfg = Release|Win32
		{ADB82101-C1FF-45C5-B1DE-91CE47E983C0}.Release|Win32.Build.0 = Release|Win32
		{6A2522B5-9D33-43FE-8EF3-E0AD37C8FE66}.Debug|Any CPU.ActiveCfg = Debug|Win32
		{6A2522B5-9D33-43FE-8EF3-E0AD37C8FE66}.Debug|Mixed Platforms.ActiveCfg = Debug|Win32
		{6A2522B5-9D33-43FE-8EF3-E0AD37C8FE66}.Debug|Mixed Platforms.Build.0 = Debug|Win32
		{6A2522B5-9D33-43FE-8EF3-E0AD37C8FE66}.Debug|Win32.ActiveCfg = Debug|Win32
		{6A2522B5-9D33-43FE-8EF3-E0AD37C8FE66}.Debug|Win32.Build.0 = Debug|Win32
		{6A2522B5-9D33-43FE-8EF3-E0AD37C8FE66}.Release|Any CPU.ActiveCfg = Release|Win32
		{6A2522B5-9D33-43FE-8EF3-E0AD37C8FE66}.Release|Mixed Platforms.ActiveCfg = Release|Win32
		{6A2522B5-9D33-43FE-8EF3-E0AD37C8FE66}.Release|Mixed Platforms.Build.0 = Release|Win32
		{6A2522B5-9D33-43FE-8EF3-E0AD37C8FE66}.Release|Win32.ActiveCfg = Release|Win32
		{6A2522B5-9D33-43FE-8EF3-E0AD37C8FE66}.Release|Win32.Build.0 = Release|Win32
	EndGlobalSection
	GlobalSection(SolutionProperties) = preSolution
		HideSolutionNode = FALSE
	EndGlobalSection
EndGlobal
