<?xml version="1.0" encoding="utf-8"?>
<Project ToolsVersion="4.0" xmlns="http://schemas.microsoft.com/developer/msbuild/2003">
  <ItemGroup>
    <Filter Include="源文件">
      <UniqueIdentifier>{4FC737F1-C7A5-4376-A066-2A32D752A2FF}</UniqueIdentifier>
      <Extensions>cpp;c;cc;cxx;def;odl;idl;hpj;bat;asm;asmx</Extensions>
    </Filter>
    <Filter Include="头文件">
      <UniqueIdentifier>{93995380-89BD-4b04-88EB-625FBE52EBFB}</UniqueIdentifier>
      <Extensions>h;hpp;hxx;hm;inl;inc;xsd</Extensions>
    </Filter>
    <Filter Include="资源文件">
      <UniqueIdentifier>{67DA6AB6-F800-4c08-8B7A-83BB121AAD01}</UniqueIdentifier>
      <Extensions>rc;ico;cur;bmp;dlg;rc2;rct;bin;rgs;gif;jpg;jpeg;jpe;resx;tiff;tif;png;wav;mfcribbon-ms</Extensions>
    </Filter>
    <Filter Include="Codes">
      <UniqueIdentifier>{af06ef20-96d3-476c-9f21-1374a14241ce}</UniqueIdentifier>
    </Filter>
    <Filter Include="Codes\MetaData">
      <UniqueIdentifier>{7b20edda-1b0c-4180-aa7f-04afb6d4eb17}</UniqueIdentifier>
    </Filter>
    <Filter Include="Codes\include">
      <UniqueIdentifier>{2fff92f2-375e-4e60-b1b8-4be0869f06d7}</UniqueIdentifier>
    </Filter>
    <Filter Include="Codes\MetaData\include">
      <UniqueIdentifier>{166fe5fd-cc01-4280-9a8a-a33d1d905984}</UniqueIdentifier>
    </Filter>
    <Filter Include="Codes\MetaData\include\Demo">
      <UniqueIdentifier>{14de46a0-306e-4467-ad1a-d4850d9ca7c8}</UniqueIdentifier>
    </Filter>
  </ItemGroup>
  <ItemGroup>
    <Text Include="ReadMe.txt" />
  </ItemGroup>
  <ItemGroup>
    <ClInclude Include="stdafx.h">
      <Filter>头文件</Filter>
    </ClInclude>
    <ClInclude Include="targetver.h">
      <Filter>头文件</Filter>
    </ClInclude>
    <ClInclude Include="..\Codes\include\CommonDefine.h">
      <Filter>Codes\include</Filter>
    </ClInclude>
    <ClInclude Include="..\Codes\include\ExceptionBase.h">
      <Filter>Codes\include</Filter>
    </ClInclude>
    <ClInclude Include="..\Codes\include\ExceptionID.h">
      <Filter>Codes\include</Filter>
    </ClInclude>
    <ClInclude Include="..\Codes\MetaData\include\ExceptionMetaData.h">
      <Filter>Codes\MetaData\include</Filter>
    </ClInclude>
    <ClInclude Include="..\Codes\MetaData\include\MetaData.h">
      <Filter>Codes\MetaData\include</Filter>
    </ClInclude>
    <ClInclude Include="..\Codes\MetaData\include\MetaDataClassType.h">
      <Filter>Codes\MetaData\include</Filter>
    </ClInclude>
    <ClInclude Include="..\Codes\MetaData\include\MetaDataCustomType.h">
      <Filter>Codes\MetaData\include</Filter>
    </ClInclude>
    <ClInclude Include="..\Codes\MetaData\include\MetaDataCustomTypeMemberVar.h">
      <Filter>Codes\MetaData\include</Filter>
    </ClInclude>
    <ClInclude Include="..\Codes\MetaData\include\MetaDataFunction.h">
      <Filter>Codes\MetaData\include</Filter>
    </ClInclude>
    <ClInclude Include="..\Codes\MetaData\include\MetaDataGlobalSpace.h">
      <Filter>Codes\MetaData\include</Filter>
    </ClInclude>
    <ClInclude Include="..\Codes\MetaData\include\MetaDataInnerType.h">
      <Filter>Codes\MetaData\include</Filter>
    </ClInclude>
    <ClInclude Include="..\Codes\MetaData\include\MetaDataInterface.h">
      <Filter>Codes\MetaData\include</Filter>
    </ClInclude>
    <ClInclude Include="..\Codes\MetaData\include\MetaDataNameSpace.h">
      <Filter>Codes\MetaData\include</Filter>
    </ClInclude>
    <ClInclude Include="..\Codes\MetaData\include\MetaDataObjects.h">
      <Filter>Codes\MetaData\include</Filter>
    </ClInclude>
    <ClInclude Include="..\Codes\MetaData\include\MetaDataType.h">
      <Filter>Codes\MetaData\include</Filter>
    </ClInclude>
    <ClInclude Include="..\Codes\MetaData\include\MetaDataVarBase.h">
      <Filter>Codes\MetaData\include</Filter>
    </ClInclude>
    <ClInclude Include="..\Codes\MetaData\include\MetaDataVariable.h">
      <Filter>Codes\MetaData\include</Filter>
    </ClInclude>
    <ClInclude Include="CdllCls1.h">
      <Filter>头文件</Filter>
    </ClInclude>
    <ClInclude Include="CdllCls2.h">
      <Filter>头文件</Filter>
    </ClInclude>
    <ClInclude Include="..\Codes\MetaData\include\MetaDataSupport.h">
      <Filter>Codes\MetaData\include</Filter>
    </ClInclude>
    <ClInclude Include="..\Codes\MetaData\include\MetaDataSupport2.h">
      <Filter>Codes\MetaData\include</Filter>
    </ClInclude>
    <ClInclude Include="..\Codes\MetaData\include\MetaDataSupportCustomType.h">
      <Filter>Codes\MetaData\include</Filter>
    </ClInclude>
    <ClInclude Include="..\Codes\include\Typedef.h">
      <Filter>Codes\include</Filter>
    </ClInclude>
    <ClInclude Include="..\Codes\include\TArray.h">
      <Filter>Codes\include</Filter>
    </ClInclude>
    <ClInclude Include="..\Codes\MetaData\include\ExceptionIDMetaData.h">
      <Filter>Codes\MetaData\include</Filter>
    </ClInclude>
    <ClInclude Include="..\Codes\MetaData\include\GuidOfMetaData.h">
      <Filter>Codes\MetaData\include</Filter>
    </ClInclude>
    <ClInclude Include="..\Codes\MetaData\include\IBlob.h">
      <Filter>Codes\MetaData\include</Filter>
    </ClInclude>
    <ClInclude Include="..\Codes\MetaData\include\IClone.h">
      <Filter>Codes\MetaData\include</Filter>
    </ClInclude>
    <ClInclude Include="..\Codes\MetaData\include\IContainer.h">
      <Filter>Codes\MetaData\include</Filter>
    </ClInclude>
    <ClInclude Include="..\Codes\MetaData\include\IInterface.h">
      <Filter>Codes\MetaData\include</Filter>
    </ClInclude>
    <ClInclude Include="..\Codes\MetaData\include\IInterfaceDefaultImp.h">
      <Filter>Codes\MetaData\include</Filter>
    </ClInclude>
    <ClInclude Include="..\Codes\MetaData\include\IPropertyNotify.h">
      <Filter>Codes\MetaData\include</Filter>
    </ClInclude>
    <ClInclude Include="..\Codes\MetaData\include\IUnkwn.h">
      <Filter>Codes\MetaData\include</Filter>
    </ClInclude>
    <ClInclude Include="..\Codes\MetaData\include\MetaDataCustomTypeProperty.h">
      <Filter>Codes\MetaData\include</Filter>
    </ClInclude>
    <ClInclude Include="..\Codes\MetaData\include\MetaDataSupport_Unkwn.h">
      <Filter>Codes\MetaData\include</Filter>
    </ClInclude>
    <ClInclude Include="..\Codes\MetaData\include\MetaDataSupport_Unkwn2.h">
      <Filter>Codes\MetaData\include</Filter>
    </ClInclude>
    <ClInclude Include="..\Codes\MetaData\include\MetaDataSupportCustomType2.h">
      <Filter>Codes\MetaData\include</Filter>
    </ClInclude>
    <ClInclude Include="..\Codes\MetaData\include\Property.h">
      <Filter>Codes\MetaData\include</Filter>
    </ClInclude>
    <ClInclude Include="..\Codes\MetaData\include\SimpleString.h">
      <Filter>Codes\MetaData\include</Filter>
    </ClInclude>
    <ClInclude Include="..\Codes\MetaData\include\TUnkwnObject.h">
      <Filter>Codes\MetaData\include</Filter>
    </ClInclude>
    <ClInclude Include="..\Codes\MetaData\include\TypeTraits.h">
      <Filter>Codes\MetaData\include</Filter>
    </ClInclude>
    <ClInclude Include="..\Codes\include\ExceptionCommon.h">
      <Filter>Codes\include</Filter>
    </ClInclude>
    <ClInclude Include="..\Codes\MetaData\include\Demo\Demo.h">
      <Filter>Codes\MetaData\include\Demo</Filter>
    </ClInclude>
  </ItemGroup>
  <ItemGroup>
    <ClCompile Include="stdafx.cpp">
      <Filter>源文件</Filter>
    </ClCompile>
    <ClCompile Include="MetaDataTestDll.cpp">
      <Filter>源文件</Filter>
    </ClCompile>
    <ClCompile Include="dllmain.cpp">
      <Filter>源文件</Filter>
    </ClCompile>
    <ClCompile Include="CdllCls1.cpp">
      <Filter>源文件</Filter>
    </ClCompile>
    <ClCompile Include="CdllCls2.cpp">
      <Filter>源文件</Filter>
    </ClCompile>
  </ItemGroup>
  <ItemGroup>
    <None Include="Source.def">
      <Filter>源文件</Filter>
    </None>
  </ItemGroup>
</Project>