<?xml version="1.0" encoding="utf-8"?>
<Project ToolsVersion="4.0" xmlns="http://schemas.microsoft.com/developer/msbuild/2003">
  <ItemGroup>
    <Filter Include="源文件">
      <UniqueIdentifier>{4FC737F1-C7A5-4376-A066-2A32D752A2FF}</UniqueIdentifier>
      <Extensions>cpp;c;cc;cxx;def;odl;idl;hpj;bat;asm;asmx</Extensions>
    </Filter>
    <Filter Include="头文件">
      <UniqueIdentifier>{93995380-89BD-4b04-88EB-625FBE52EBFB}</UniqueIdentifier>
      <Extensions>h;hpp;hxx;hm;inl;inc;xsd</Extensions>
    </Filter>
    <Filter Include="资源文件">
      <UniqueIdentifier>{67DA6AB6-F800-4c08-8B7A-83BB121AAD01}</UniqueIdentifier>
      <Extensions>rc;ico;cur;bmp;dlg;rc2;rct;bin;rgs;gif;jpg;jpeg;jpe;resx;tiff;tif;png;wav;mfcribbon-ms</Extensions>
    </Filter>
    <Filter Include="Codes">
      <UniqueIdentifier>{3f482890-13ba-4bb0-a40f-863fbbd8c449}</UniqueIdentifier>
    </Filter>
    <Filter Include="UICode">
      <UniqueIdentifier>{67a39564-c864-46c2-a39d-bb7cd5a05788}</UniqueIdentifier>
    </Filter>
    <Filter Include="UICode\Forms">
      <UniqueIdentifier>{33ee0c89-e842-4a77-b0b2-b13200d35c9d}</UniqueIdentifier>
    </Filter>
    <Filter Include="Codes\MetaData">
      <UniqueIdentifier>{496e3b07-4ab3-4c24-9bc1-e129fcd46fe3}</UniqueIdentifier>
    </Filter>
    <Filter Include="Codes\MetaData\include">
      <UniqueIdentifier>{fd5c1c38-9ee7-42fb-a555-b7512112004d}</UniqueIdentifier>
    </Filter>
    <Filter Include="libs">
      <UniqueIdentifier>{deed4200-7e71-4781-869e-64e9766d931f}</UniqueIdentifier>
    </Filter>
    <Filter Include="Codes\include">
      <UniqueIdentifier>{cd69d1d9-adf1-4aab-9c85-d625acb3d9e9}</UniqueIdentifier>
    </Filter>
    <Filter Include="Codes\src">
      <UniqueIdentifier>{42427d35-4d74-4b76-afe9-5568a5e97c7b}</UniqueIdentifier>
    </Filter>
  </ItemGroup>
  <ItemGroup>
    <ClInclude Include="stdafx.h">
      <Filter>头文件</Filter>
    </ClInclude>
    <ClInclude Include="targetver.h">
      <Filter>头文件</Filter>
    </ClInclude>
    <ClInclude Include="Codes\Forms\CfrmMain.h">
      <Filter>UICode\Forms</Filter>
    </ClInclude>
    <ClInclude Include="..\Codes\MetaData\include\MetaData.h">
      <Filter>Codes\MetaData\include</Filter>
    </ClInclude>
    <ClInclude Include="..\Codes\MetaData\include\MetaDataClassType.h">
      <Filter>Codes\MetaData\include</Filter>
    </ClInclude>
    <ClInclude Include="..\Codes\MetaData\include\MetaDataCustomType.h">
      <Filter>Codes\MetaData\include</Filter>
    </ClInclude>
    <ClInclude Include="..\Codes\MetaData\include\MetaDataCustomTypeMemberVar.h">
      <Filter>Codes\MetaData\include</Filter>
    </ClInclude>
    <ClInclude Include="..\Codes\MetaData\include\MetaDataFunction.h">
      <Filter>Codes\MetaData\include</Filter>
    </ClInclude>
    <ClInclude Include="..\Codes\MetaData\include\MetaDataGlobalSpace.h">
      <Filter>Codes\MetaData\include</Filter>
    </ClInclude>
    <ClInclude Include="..\Codes\MetaData\include\MetaDataInnerType.h">
      <Filter>Codes\MetaData\include</Filter>
    </ClInclude>
    <ClInclude Include="..\Codes\MetaData\include\MetaDataInterface.h">
      <Filter>Codes\MetaData\include</Filter>
    </ClInclude>
    <ClInclude Include="..\Codes\MetaData\include\MetaDataNameSpace.h">
      <Filter>Codes\MetaData\include</Filter>
    </ClInclude>
    <ClInclude Include="..\Codes\MetaData\include\MetaDataType.h">
      <Filter>Codes\MetaData\include</Filter>
    </ClInclude>
    <ClInclude Include="..\Codes\MetaData\include\MetaDataVarBase.h">
      <Filter>Codes\MetaData\include</Filter>
    </ClInclude>
    <ClInclude Include="..\Codes\MetaData\include\MetaDataVariable.h">
      <Filter>Codes\MetaData\include</Filter>
    </ClInclude>
    <ClInclude Include="..\Codes\include\CommonDefine.h">
      <Filter>Codes\include</Filter>
    </ClInclude>
    <ClInclude Include="..\Codes\include\ExceptionBase.h">
      <Filter>Codes\include</Filter>
    </ClInclude>
    <ClInclude Include="..\Codes\include\ExceptionID.h">
      <Filter>Codes\include</Filter>
    </ClInclude>
    <ClInclude Include="Codes\CommonFunction.h">
      <Filter>UICode</Filter>
    </ClInclude>
    <ClInclude Include="Codes\Test.h">
      <Filter>UICode</Filter>
    </ClInclude>
    <ClInclude Include="..\Codes\MetaData\include\MetaDataObjects.h">
      <Filter>Codes\MetaData\include</Filter>
    </ClInclude>
  </ItemGroup>
  <ItemGroup>
    <ClCompile Include="stdafx.cpp">
      <Filter>源文件</Filter>
    </ClCompile>
    <ClCompile Include="Main.cpp">
      <Filter>源文件</Filter>
    </ClCompile>
    <ClCompile Include="Codes\Forms\CfrmMain.cpp">
      <Filter>UICode\Forms</Filter>
    </ClCompile>
    <ClCompile Include="Codes\CommonFunction.cpp">
      <Filter>UICode</Filter>
    </ClCompile>
    <ClCompile Include="..\Codes\src\MetaDataObjects.cpp">
      <Filter>Codes\src</Filter>
    </ClCompile>
    <ClCompile Include="Codes\Test.cpp">
      <Filter>UICode</Filter>
    </ClCompile>
  </ItemGroup>
  <ItemGroup>
    <EmbeddedResource Include="Codes\Forms\CfrmMain.resx">
      <Filter>资源文件</Filter>
    </EmbeddedResource>
  </ItemGroup>
  <ItemGroup>
    <None Include="..\lib\Debug\MetaData.exp">
      <Filter>libs</Filter>
    </None>
    <None Include="Codes\Test.meo">
      <Filter>UICode</Filter>
    </None>
  </ItemGroup>
</Project>