<?xml version="1.0" encoding="utf-8"?>
<Project ToolsVersion="4.0" xmlns="http://schemas.microsoft.com/developer/msbuild/2003">
  <ItemGroup>
    <Filter Include="源文件">
      <UniqueIdentifier>{4FC737F1-C7A5-4376-A066-2A32D752A2FF}</UniqueIdentifier>
      <Extensions>cpp;c;cc;cxx;def;odl;idl;hpj;bat;asm;asmx</Extensions>
    </Filter>
    <Filter Include="头文件">
      <UniqueIdentifier>{93995380-89BD-4b04-88EB-625FBE52EBFB}</UniqueIdentifier>
      <Extensions>h;hpp;hxx;hm;inl;inc;xsd</Extensions>
    </Filter>
    <Filter Include="资源文件">
      <UniqueIdentifier>{67DA6AB6-F800-4c08-8B7A-83BB121AAD01}</UniqueIdentifier>
      <Extensions>rc;ico;cur;bmp;dlg;rc2;rct;bin;rgs;gif;jpg;jpeg;jpe;resx;tiff;tif;png;wav;mfcribbon-ms</Extensions>
    </Filter>
    <Filter Include="Codes">
      <UniqueIdentifier>{3e1aa330-7271-4139-9d69-642340441d55}</UniqueIdentifier>
    </Filter>
    <Filter Include="Codes\Serialization">
      <UniqueIdentifier>{810fcc1d-621f-44bf-b0e1-23eaa1f469c0}</UniqueIdentifier>
    </Filter>
    <Filter Include="Codes\Serialization\include">
      <UniqueIdentifier>{5d0840f0-d710-4a52-84bb-facdee4d42a0}</UniqueIdentifier>
    </Filter>
    <Filter Include="Codes\Serialization\src">
      <UniqueIdentifier>{22ea2dcc-313a-451d-87aa-4e32d7af4f6b}</UniqueIdentifier>
    </Filter>
    <Filter Include="Codes\MetaData">
      <UniqueIdentifier>{728de2f2-0dbd-48d0-84c1-34bd21552512}</UniqueIdentifier>
    </Filter>
    <Filter Include="Codes\MetaData\include">
      <UniqueIdentifier>{a6d4f65a-36df-4e4f-ba8a-4851491c53bd}</UniqueIdentifier>
    </Filter>
    <Filter Include="Codes\MetaData\src">
      <UniqueIdentifier>{8c1760e5-d549-4405-8343-11872681bb6f}</UniqueIdentifier>
    </Filter>
    <Filter Include="Codes\lib_h">
      <UniqueIdentifier>{544841ce-0481-41d2-8037-df4cc95fbb60}</UniqueIdentifier>
    </Filter>
    <Filter Include="lib">
      <UniqueIdentifier>{5e6e0599-7293-4747-9321-87bbd02f3ce7}</UniqueIdentifier>
    </Filter>
    <Filter Include="Codes\include">
      <UniqueIdentifier>{431c7281-a2bf-47f1-8d2e-9099961d88ef}</UniqueIdentifier>
    </Filter>
    <Filter Include="Codes\src">
      <UniqueIdentifier>{95aeb9d2-0e91-464d-94c8-8c6c92516788}</UniqueIdentifier>
    </Filter>
  </ItemGroup>
  <ItemGroup>
    <Text Include="ReadMe.txt" />
  </ItemGroup>
  <ItemGroup>
    <ClInclude Include="stdafx.h">
      <Filter>头文件</Filter>
    </ClInclude>
    <ClInclude Include="targetver.h">
      <Filter>头文件</Filter>
    </ClInclude>
    <ClInclude Include="..\Codes\MetaData\include\ExceptionMetaData.h">
      <Filter>Codes\MetaData\include</Filter>
    </ClInclude>
    <ClInclude Include="..\Codes\MetaData\include\IClone.h">
      <Filter>Codes\MetaData\include</Filter>
    </ClInclude>
    <ClInclude Include="..\Codes\MetaData\include\IInterface.h">
      <Filter>Codes\MetaData\include</Filter>
    </ClInclude>
    <ClInclude Include="..\Codes\MetaData\include\InterfacedObject.h">
      <Filter>Codes\MetaData\include</Filter>
    </ClInclude>
    <ClInclude Include="..\Codes\MetaData\include\MetaData.h">
      <Filter>Codes\MetaData\include</Filter>
    </ClInclude>
    <ClInclude Include="..\Codes\MetaData\include\MetaDataClassType.h">
      <Filter>Codes\MetaData\include</Filter>
    </ClInclude>
    <ClInclude Include="..\Codes\MetaData\include\MetaDataCustomType.h">
      <Filter>Codes\MetaData\include</Filter>
    </ClInclude>
    <ClInclude Include="..\Codes\MetaData\include\MetaDataCustomTypeMemberVar.h">
      <Filter>Codes\MetaData\include</Filter>
    </ClInclude>
    <ClInclude Include="..\Codes\MetaData\include\MetaDataFunction.h">
      <Filter>Codes\MetaData\include</Filter>
    </ClInclude>
    <ClInclude Include="..\Codes\MetaData\include\MetaDataInnerType.h">
      <Filter>Codes\MetaData\include</Filter>
    </ClInclude>
    <ClInclude Include="..\Codes\MetaData\include\MetaDataInterface.h">
      <Filter>Codes\MetaData\include</Filter>
    </ClInclude>
    <ClInclude Include="..\Codes\MetaData\include\MetaDataModule.h">
      <Filter>Codes\MetaData\include</Filter>
    </ClInclude>
    <ClInclude Include="..\Codes\MetaData\include\MetaDataNameSpace.h">
      <Filter>Codes\MetaData\include</Filter>
    </ClInclude>
    <ClInclude Include="..\Codes\MetaData\include\MetaDataObjects.h">
      <Filter>Codes\MetaData\include</Filter>
    </ClInclude>
    <ClInclude Include="..\Codes\MetaData\include\MetaDataSupport.h">
      <Filter>Codes\MetaData\include</Filter>
    </ClInclude>
    <ClInclude Include="..\Codes\MetaData\include\MetaDataSupport2.h">
      <Filter>Codes\MetaData\include</Filter>
    </ClInclude>
    <ClInclude Include="..\Codes\MetaData\include\MetaDataType.h">
      <Filter>Codes\MetaData\include</Filter>
    </ClInclude>
    <ClInclude Include="..\Codes\MetaData\include\MetaDataVarBase.h">
      <Filter>Codes\MetaData\include</Filter>
    </ClInclude>
    <ClInclude Include="..\Codes\MetaData\include\MetaDataVariable.h">
      <Filter>Codes\MetaData\include</Filter>
    </ClInclude>
    <ClInclude Include="..\Codes\MetaData\include\TypeTraits.h">
      <Filter>Codes\MetaData\include</Filter>
    </ClInclude>
    <ClInclude Include="..\Codes\Serialization\include\Serializer.h">
      <Filter>Codes\Serialization\include</Filter>
    </ClInclude>
    <ClInclude Include="..\Codes\Serialization\include\ISerialEntity.h">
      <Filter>Codes\Serialization\include</Filter>
    </ClInclude>
    <ClInclude Include="..\Codes\MetaData\include\MetaDataTypeIDAlloc.h">
      <Filter>Codes\MetaData\include</Filter>
    </ClInclude>
    <ClInclude Include="..\Codes\MetaData\include\IContainer.h">
      <Filter>Codes\MetaData\include</Filter>
    </ClInclude>
    <ClInclude Include="..\Codes\lib_h\expat.h">
      <Filter>Codes\lib_h</Filter>
    </ClInclude>
    <ClInclude Include="..\Codes\lib_h\expat_external.h">
      <Filter>Codes\lib_h</Filter>
    </ClInclude>
    <ClInclude Include="..\Codes\Serialization\include\SVariant.h">
      <Filter>Codes\Serialization\include</Filter>
    </ClInclude>
    <ClInclude Include="..\Codes\include\ExceptionBase.h">
      <Filter>Codes\include</Filter>
    </ClInclude>
    <ClInclude Include="..\Codes\include\ExceptionID.h">
      <Filter>Codes\include</Filter>
    </ClInclude>
    <ClInclude Include="..\Codes\Serialization\include\ExceptionSerialization.h">
      <Filter>Codes\Serialization\include</Filter>
    </ClInclude>
    <ClInclude Include="..\Codes\MetaData\include\SimpleString.h">
      <Filter>Codes\MetaData\include</Filter>
    </ClInclude>
    <ClInclude Include="..\Codes\Serialization\include\SerialEntity.h">
      <Filter>Codes\Serialization\include</Filter>
    </ClInclude>
    <ClInclude Include="..\Codes\Serialization\include\EntityBinaryFileStructure.h">
      <Filter>Codes\Serialization\include</Filter>
    </ClInclude>
    <ClInclude Include="..\Codes\Serialization\include\ISerial.h">
      <Filter>Codes\Serialization\include</Filter>
    </ClInclude>
    <ClInclude Include="..\Codes\Serialization\include\ITreeSerial.h">
      <Filter>Codes\Serialization\include</Filter>
    </ClInclude>
    <ClInclude Include="..\Codes\Serialization\include\TreeSerial.h">
      <Filter>Codes\Serialization\include</Filter>
    </ClInclude>
    <ClInclude Include="..\Codes\Serialization\include\BinSerialStream.h">
      <Filter>Codes\Serialization\include</Filter>
    </ClInclude>
    <ClInclude Include="..\Codes\Serialization\include\ISerialStream.h">
      <Filter>Codes\Serialization\include</Filter>
    </ClInclude>
    <ClInclude Include="..\Codes\Serialization\include\ISerializer.h">
      <Filter>Codes\Serialization\include</Filter>
    </ClInclude>
    <ClInclude Include="..\Codes\Serialization\include\XmlSerialStream.h">
      <Filter>Codes\Serialization\include</Filter>
    </ClInclude>
    <ClInclude Include="..\Codes\include\CharArray.h">
      <Filter>Codes\include</Filter>
    </ClInclude>
    <ClInclude Include="test_items.h">
      <Filter>头文件</Filter>
    </ClInclude>
    <ClInclude Include="..\Codes\MetaData\include\Demo2.h">
      <Filter>Codes\MetaData\include</Filter>
    </ClInclude>
    <ClInclude Include="..\Codes\MetaData\include\Demo.h">
      <Filter>Codes\MetaData\include</Filter>
    </ClInclude>
    <ClInclude Include="..\Codes\MetaData\include\MetaDataSupportCustomType.h">
      <Filter>Codes\MetaData\include</Filter>
    </ClInclude>
  </ItemGroup>
  <ItemGroup>
    <ClCompile Include="stdafx.cpp">
      <Filter>源文件</Filter>
    </ClCompile>
    <ClCompile Include="MetaDataPrj.cpp">
      <Filter>源文件</Filter>
    </ClCompile>
    <ClCompile Include="..\Codes\MetaData\src\ExceptionMetaData.cpp">
      <Filter>Codes\MetaData\src</Filter>
    </ClCompile>
    <ClCompile Include="..\Codes\MetaData\src\IClone.cpp">
      <Filter>Codes\MetaData\src</Filter>
    </ClCompile>
    <ClCompile Include="..\Codes\MetaData\src\IInterface.cpp">
      <Filter>Codes\MetaData\src</Filter>
    </ClCompile>
    <ClCompile Include="..\Codes\MetaData\src\InterfacedObject.cpp">
      <Filter>Codes\MetaData\src</Filter>
    </ClCompile>
    <ClCompile Include="..\Codes\MetaData\src\MetaData.cpp">
      <Filter>Codes\MetaData\src</Filter>
    </ClCompile>
    <ClCompile Include="..\Codes\MetaData\src\MetaDataClassType.cpp">
      <Filter>Codes\MetaData\src</Filter>
    </ClCompile>
    <ClCompile Include="..\Codes\MetaData\src\MetaDataCustomType.cpp">
      <Filter>Codes\MetaData\src</Filter>
    </ClCompile>
    <ClCompile Include="..\Codes\MetaData\src\MetaDataCustomTypeMemberVar.cpp">
      <Filter>Codes\MetaData\src</Filter>
    </ClCompile>
    <ClCompile Include="..\Codes\MetaData\src\MetaDataFunction.cpp">
      <Filter>Codes\MetaData\src</Filter>
    </ClCompile>
    <ClCompile Include="..\Codes\MetaData\src\MetaDataInnerType.cpp">
      <Filter>Codes\MetaData\src</Filter>
    </ClCompile>
    <ClCompile Include="..\Codes\MetaData\src\MetaDataInterface.cpp">
      <Filter>Codes\MetaData\src</Filter>
    </ClCompile>
    <ClCompile Include="..\Codes\MetaData\src\MetaDataModule.cpp">
      <Filter>Codes\MetaData\src</Filter>
    </ClCompile>
    <ClCompile Include="..\Codes\MetaData\src\MetaDataNameSpace.cpp">
      <Filter>Codes\MetaData\src</Filter>
    </ClCompile>
    <ClCompile Include="..\Codes\MetaData\src\MetaDataObjects.cpp">
      <Filter>Codes\MetaData\src</Filter>
    </ClCompile>
    <ClCompile Include="..\Codes\MetaData\src\MetaDataType.cpp">
      <Filter>Codes\MetaData\src</Filter>
    </ClCompile>
    <ClCompile Include="..\Codes\MetaData\src\MetaDataVarBase.cpp">
      <Filter>Codes\MetaData\src</Filter>
    </ClCompile>
    <ClCompile Include="..\Codes\MetaData\src\MetaDataVariable.cpp">
      <Filter>Codes\MetaData\src</Filter>
    </ClCompile>
    <ClCompile Include="..\Codes\Serialization\src\Serializer.cpp">
      <Filter>Codes\Serialization\src</Filter>
    </ClCompile>
    <ClCompile Include="..\Codes\Serialization\src\ISerialEntity.cpp">
      <Filter>Codes\Serialization\src</Filter>
    </ClCompile>
    <ClCompile Include="..\Codes\MetaData\src\MetaDataTypeIDAlloc.cpp">
      <Filter>Codes\MetaData\src</Filter>
    </ClCompile>
    <ClCompile Include="..\Codes\MetaData\src\IContainer.cpp">
      <Filter>Codes\MetaData\src</Filter>
    </ClCompile>
    <ClCompile Include="..\Codes\Serialization\src\SVariant.cpp">
      <Filter>Codes\Serialization\src</Filter>
    </ClCompile>
    <ClCompile Include="..\Codes\src\ExceptionBase.cpp">
      <Filter>Codes\src</Filter>
    </ClCompile>
    <ClCompile Include="..\Codes\Serialization\src\ExceptionSerialization.cpp">
      <Filter>Codes\Serialization\src</Filter>
    </ClCompile>
    <ClCompile Include="..\Codes\MetaData\src\SimpleString.cpp">
      <Filter>Codes\MetaData\src</Filter>
    </ClCompile>
    <ClCompile Include="..\Codes\Serialization\src\SerialEntity.cpp">
      <Filter>Codes\Serialization\src</Filter>
    </ClCompile>
    <ClCompile Include="..\Codes\Serialization\src\ISerial.cpp">
      <Filter>Codes\Serialization\src</Filter>
    </ClCompile>
    <ClCompile Include="..\Codes\Serialization\src\ITreeSerial.cpp">
      <Filter>Codes\Serialization\src</Filter>
    </ClCompile>
    <ClCompile Include="..\Codes\Serialization\src\TreeSerial.cpp">
      <Filter>Codes\Serialization\src</Filter>
    </ClCompile>
    <ClCompile Include="..\Codes\Serialization\src\BinSerialStream.cpp">
      <Filter>Codes\Serialization\src</Filter>
    </ClCompile>
    <ClCompile Include="..\Codes\Serialization\src\ISerialStream.cpp">
      <Filter>Codes\Serialization\src</Filter>
    </ClCompile>
    <ClCompile Include="..\Codes\Serialization\src\ISerializer.cpp">
      <Filter>Codes\Serialization\src</Filter>
    </ClCompile>
    <ClCompile Include="..\Codes\Serialization\src\XmlSerialStream.cpp">
      <Filter>Codes\Serialization\src</Filter>
    </ClCompile>
    <ClCompile Include="..\Codes\src\CharArray.cpp">
      <Filter>Codes\src</Filter>
    </ClCompile>
    <ClCompile Include="test_items.cpp">
      <Filter>源文件</Filter>
    </ClCompile>
    <ClCompile Include="..\Codes\MetaData\src\Demo2.cpp">
      <Filter>Codes\MetaData\src</Filter>
    </ClCompile>
    <ClCompile Include="..\Codes\MetaData\src\Demo.cpp">
      <Filter>Codes\MetaData\src</Filter>
    </ClCompile>
  </ItemGroup>
  <ItemGroup>
    <None Include="..\Codes\MetaData\src\IClone.meo">
      <Filter>Codes\MetaData\src</Filter>
    </None>
    <None Include="..\Codes\MetaData\src\IInterface.meo">
      <Filter>Codes\MetaData\src</Filter>
    </None>
    <None Include="..\Codes\MetaData\src\InterfacedObject.meo">
      <Filter>Codes\MetaData\src</Filter>
    </None>
    <None Include="..\Codes\MetaData\src\IContainer.meo">
      <Filter>Codes\MetaData\src</Filter>
    </None>
    <None Include="..\Codes\MetaData\src\SimpleString.meo">
      <Filter>Codes\MetaData\src</Filter>
    </None>
    <None Include="..\Codes\Serialization\src\ISerial.meo">
      <Filter>Codes\Serialization\src</Filter>
    </None>
    <None Include="..\Codes\Serialization\src\ITreeSerial.meo">
      <Filter>Codes\Serialization\src</Filter>
    </None>
    <None Include="..\Codes\include\MetaDataExtraObjects.meo">
      <Filter>Codes\include</Filter>
    </None>
    <None Include="..\Codes\Serialization\src\TreeSerial.meo">
      <Filter>Codes\Serialization\src</Filter>
    </None>
    <None Include="..\Codes\MetaData\src\Demo2.meo">
      <Filter>Codes\MetaData\src</Filter>
    </None>
    <None Include="..\Codes\MetaData\src\Demo.meo">
      <Filter>Codes\MetaData\src</Filter>
    </None>
  </ItemGroup>
  <ItemGroup>
    <Library Include="..\lib\Debug\expat_static.lib">
      <Filter>lib</Filter>
    </Library>
  </ItemGroup>
</Project>